
Microsoft Visual Studio Solution File, Format Version 12.00
# Visual Studio 15
VisualStudioVersion = 15.0.27130.2036
MinimumVisualStudioVersion = 10.0.40219.1
Project("{8BC9CEB8-8B4A-11D0-8D11-00A0C91BC942}") = "DecToBin", "DecToBin\DecToBin.vcxproj", "{2119F0D5-1FA9-4F74-A828-C54C8349EF4E}"
EndProject
Project("{8BC9CEB8-8B4A-11D0-8D11-00A0C91BC942}") = "CheckMemory", "CheckMemory\CheckMemory.vcxproj", "{8F3D19F0-63BE-43F4-A278-793DBA80C925}"
EndProject
Project("{8BC9CEB8-8B4A-11D0-8D11-00A0C91BC942}") = "CheckBrackets", "CheckBrackets\CheckBrackets.vcxproj", "{B49D3851-D9B6-4DE2-AE69-F9DAB5C15980}"
EndProject
Global
	GlobalSection(SolutionConfigurationPlatforms) = preSolution
		Debug|x64 = Debug|x64
		Debug|x86 = Debug|x86
		Release|x64 = Release|x64
		Release|x86 = Release|x86
	EndGlobalSection
	GlobalSection(ProjectConfigurationPlatforms) = postSolution
		{2119F0D5-1FA9-4F74-A828-C54C8349EF4E}.Debug|x64.ActiveCfg = Debug|x64
		{2119F0D5-1FA9-4F74-A828-C54C8349EF4E}.Debug|x64.Build.0 = Debug|x64
		{2119F0D5-1FA9-4F74-A828-C54C8349EF4E}.Debug|x86.ActiveCfg = Debug|Win32
		{2119F0D5-1FA9-4F74-A828-C54C8349EF4E}.Debug|x86.Build.0 = Debug|Win32
		{2119F0D5-1FA9-4F74-A828-C54C8349EF4E}.Release|x64.ActiveCfg = Release|x64
		{2119F0D5-1FA9-4F74-A828-C54C8349EF4E}.Release|x64.Build.0 = Release|x64
		{2119F0D5-1FA9-4F74-A828-C54C8349EF4E}.Release|x86.ActiveCfg = Release|Win32
		{2119F0D5-1FA9-4F74-A828-C54C8349EF4E}.Release|x86.Build.0 = Release|Win32
		{8F3D19F0-63BE-43F4-A278-793DBA80C925}.Debug|x64.ActiveCfg = Debug|x64
		{8F3D19F0-63BE-43F4-A278-793DBA80C925}.Debug|x64.Build.0 = Debug|x64
		{8F3D19F0-63BE-43F4-A278-793DBA80C925}.Debug|x86.ActiveCfg = Debug|Win32
		{8F3D19F0-63BE-43F4-A278-793DBA80C925}.Debug|x86.Build.0 = Debug|Win32
		{8F3D19F0-63BE-43F4-A278-793DBA80C925}.Release|x64.ActiveCfg = Release|x64
		{8F3D19F0-63BE-43F4-A278-793DBA80C925}.Release|x64.Build.0 = Release|x64
		{8F3D19F0-63BE-43F4-A278-793DBA80C925}.Release|x86.ActiveCfg = Release|Win32
		{8F3D19F0-63BE-43F4-A278-793DBA80C925}.Release|x86.Build.0 = Release|Win32
		{B49D3851-D9B6-4DE2-AE69-F9DAB5C15980}.Debug|x64.ActiveCfg = Debug|x64
		{B49D3851-D9B6-4DE2-AE69-F9DAB5C15980}.Debug|x64.Build.0 = Debug|x64
		{B49D3851-D9B6-4DE2-AE69-F9DAB5C15980}.Debug|x86.ActiveCfg = Debug|Win32
		{B49D3851-D9B6-4DE2-AE69-F9DAB5C15980}.Debug|x86.Build.0 = Debug|Win32
		{B49D3851-D9B6-4DE2-AE69-F9DAB5C15980}.Release|x64.ActiveCfg = Release|x64
		{B49D3851-D9B6-4DE2-AE69-F9DAB5C15980}.Release|x64.Build.0 = Release|x64
		{B49D3851-D9B6-4DE2-AE69-F9DAB5C15980}.Release|x86.ActiveCfg = Release|Win32
		{B49D3851-D9B6-4DE2-AE69-F9DAB5C15980}.Release|x86.Build.0 = Release|Win32
	EndGlobalSection
	GlobalSection(SolutionProperties) = preSolution
		HideSolutionNode = FALSE
	EndGlobalSection
	GlobalSection(ExtensibilityGlobals) = postSolution
		SolutionGuid = {0CB92B58-242A-41AF-AA74-CA26816A1961}
	EndGlobalSection
EndGlobal
